github.com/esiqveland/notify v0.9.1 h1:hX6ZD3FCQJXI46AzUM/iWekcMfnZ9TPE4uIu9Hrn1D4=
github.com/esiqveland/notify v0.9.1/go.mod h1:63UbVSaeJwF0LVJARHFuPgUAoM7o1BEvCZyknsuonBc=
github.com/godbus/dbus/v5 v5.0.3 h1:ZqHaoEF7TBzh4jzPmqVhE/5A1z9of6orkAe5uHoAeME=
github.com/godbus/dbus/v5 v5.0.3/go.mod h1:xhWf0FNVPg57R7Z0UbKHbJfkEywrmjJnf7w5xrFpKfA=
github.com/nboughton/dotfiles/waybar/modules/gobar v0.0.0-20201209215918-92c9d95cf046 h1:dRU4VhJuR2nyC8lWNwuFgWPxDEueb6pKENNZzUpur8c=
github.com/nboughton/dotfiles/waybar/modules/gobar v0.0.0-20201209215918-92c9d95cf046/go.mod h1:9MC4JW6muedO0QtIPqhZLM01B7ZjUGD6mDjdePRA1M0=
